
Microsoft Visual Studio Solution File, Format Version 12.00
# Visual Studio Version 16
VisualStudioVersion = 16.0.29728.190
MinimumVisualStudioVersion = 10.0.40219.1
Project("{2150E333-8FDC-42A3-9474-1A3956D46DE8}") = "Solution Items", "Solution Items", "{ED5BF64B-BBF2-43C1-B998-FA4693F99124}"
	ProjectSection(SolutionItems) = preProject
		.editorconfig = .editorconfig
		stylecop.json = stylecop.json
	EndProjectSection
EndProject
Project("{9A19103F-16F7-4668-BE54-9A1E7A4F7556}") = "Ecology.API", "Ecology.API\Ecology.API.csproj", "{9719C071-3B0F-4DBC-A4AD-283614B96BD5}"
EndProject
Project("{9A19103F-16F7-4668-BE54-9A1E7A4F7556}") = "Ecology.ServiceContracts", "Ecology.ServiceContracts\Ecology.ServiceContracts.csproj", "{38B7494D-7C8A-4A2A-8407-6509F28AECFF}"
EndProject
Project("{9A19103F-16F7-4668-BE54-9A1E7A4F7556}") = "Ecology.Services", "Ecology.Services\Ecology.Services.csproj", "{FE15F715-3F81-4094-846F-120E946E4887}"
EndProject
Project("{9A19103F-16F7-4668-BE54-9A1E7A4F7556}") = "Ecology.DI", "Ecology.DI\Ecology.DI.csproj", "{4AB595AD-E370-4E56-BB2E-3DC26B340310}"
EndProject
Project("{9A19103F-16F7-4668-BE54-9A1E7A4F7556}") = "Ecology.DTO", "Ecology.DTO\Ecology.DTO.csproj", "{FD1B261A-2A1B-43F4-9793-AD2595F62048}"
EndProject
Project("{9A19103F-16F7-4668-BE54-9A1E7A4F7556}") = "Ecology.Data", "Ecology.Data\Ecology.Data.csproj", "{74450717-9D91-466B-8AE8-ACDDC560E6EE}"
EndProject
Global
	GlobalSection(SolutionConfigurationPlatforms) = preSolution
		Debug|Any CPU = Debug|Any CPU
		Release|Any CPU = Release|Any CPU
	EndGlobalSection
	GlobalSection(ProjectConfigurationPlatforms) = postSolution
		{9719C071-3B0F-4DBC-A4AD-283614B96BD5}.Debug|Any CPU.ActiveCfg = Debug|Any CPU
		{9719C071-3B0F-4DBC-A4AD-283614B96BD5}.Debug|Any CPU.Build.0 = Debug|Any CPU
		{9719C071-3B0F-4DBC-A4AD-283614B96BD5}.Release|Any CPU.ActiveCfg = Release|Any CPU
		{9719C071-3B0F-4DBC-A4AD-283614B96BD5}.Release|Any CPU.Build.0 = Release|Any CPU
		{38B7494D-7C8A-4A2A-8407-6509F28AECFF}.Debug|Any CPU.ActiveCfg = Debug|Any CPU
		{38B7494D-7C8A-4A2A-8407-6509F28AECFF}.Debug|Any CPU.Build.0 = Debug|Any CPU
		{38B7494D-7C8A-4A2A-8407-6509F28AECFF}.Release|Any CPU.ActiveCfg = Release|Any CPU
		{38B7494D-7C8A-4A2A-8407-6509F28AECFF}.Release|Any CPU.Build.0 = Release|Any CPU
		{FE15F715-3F81-4094-846F-120E946E4887}.Debug|Any CPU.ActiveCfg = Debug|Any CPU
		{FE15F715-3F81-4094-846F-120E946E4887}.Debug|Any CPU.Build.0 = Debug|Any CPU
		{FE15F715-3F81-4094-846F-120E946E4887}.Release|Any CPU.ActiveCfg = Release|Any CPU
		{FE15F715-3F81-4094-846F-120E946E4887}.Release|Any CPU.Build.0 = Release|Any CPU
		{4AB595AD-E370-4E56-BB2E-3DC26B340310}.Debug|Any CPU.ActiveCfg = Debug|Any CPU
		{4AB595AD-E370-4E56-BB2E-3DC26B340310}.Debug|Any CPU.Build.0 = Debug|Any CPU
		{4AB595AD-E370-4E56-BB2E-3DC26B340310}.Release|Any CPU.ActiveCfg = Release|Any CPU
		{4AB595AD-E370-4E56-BB2E-3DC26B340310}.Release|Any CPU.Build.0 = Release|Any CPU
		{FD1B261A-2A1B-43F4-9793-AD2595F62048}.Debug|Any CPU.ActiveCfg = Debug|Any CPU
		{FD1B261A-2A1B-43F4-9793-AD2595F62048}.Debug|Any CPU.Build.0 = Debug|Any CPU
		{FD1B261A-2A1B-43F4-9793-AD2595F62048}.Release|Any CPU.ActiveCfg = Release|Any CPU
		{FD1B261A-2A1B-43F4-9793-AD2595F62048}.Release|Any CPU.Build.0 = Release|Any CPU
		{74450717-9D91-466B-8AE8-ACDDC560E6EE}.Debug|Any CPU.ActiveCfg = Debug|Any CPU
		{74450717-9D91-466B-8AE8-ACDDC560E6EE}.Debug|Any CPU.Build.0 = Debug|Any CPU
		{74450717-9D91-466B-8AE8-ACDDC560E6EE}.Release|Any CPU.ActiveCfg = Release|Any CPU
		{74450717-9D91-466B-8AE8-ACDDC560E6EE}.Release|Any CPU.Build.0 = Release|Any CPU
	EndGlobalSection
	GlobalSection(SolutionProperties) = preSolution
		HideSolutionNode = FALSE
	EndGlobalSection
	GlobalSection(ExtensibilityGlobals) = postSolution
		SolutionGuid = {288674AE-B9DD-44E9-9CB7-B9EE1FB206FE}
	EndGlobalSection
EndGlobal
