
Microsoft Visual Studio Solution File, Format Version 12.00
# Visual Studio Version 16
VisualStudioVersion = 16.0.29728.190
MinimumVisualStudioVersion = 10.0.40219.1
Project("{9A19103F-16F7-4668-BE54-9A1E7A4F7556}") = "AnimalHabitat.API", "AnimalHabitat.API\AnimalHabitat.API.csproj", "{DD604E4D-528A-4981-92B5-6F6D17E49166}"
EndProject
Project("{9A19103F-16F7-4668-BE54-9A1E7A4F7556}") = "AnimalHabitat.Client", "AnimalHabitat.Client\AnimalHabitat.Client.csproj", "{E4FABA72-B0C4-4D9B-B4C0-FF9185866E2A}"
EndProject
Project("{9A19103F-16F7-4668-BE54-9A1E7A4F7556}") = "AnimalHabitat.Services", "AnimalHabitat.Services\AnimalHabitat.Services.csproj", "{49280DA7-7C30-4BBA-90F5-0CDDCA1AE617}"
EndProject
Project("{9A19103F-16F7-4668-BE54-9A1E7A4F7556}") = "AnimalHabitat.ServiceContracts", "AnimalHabitat.ServiceContracts\AnimalHabitat.ServiceContracts.csproj", "{F5BE15B5-B970-47A3-B735-0D640580E454}"
EndProject
Project("{9A19103F-16F7-4668-BE54-9A1E7A4F7556}") = "AnimalHabitat.Data", "AnimalHabitat.Data\AnimalHabitat.Data.csproj", "{7FCD2A16-68E1-4510-B4C5-C2BBC6D7DE4C}"
EndProject
Project("{9A19103F-16F7-4668-BE54-9A1E7A4F7556}") = "AnimalHabitat.DI", "AnimalHabitat.DI\AnimalHabitat.DI.csproj", "{E2744BA7-C3F4-4FA6-A555-6ABEF4A1725A}"
EndProject
Project("{9A19103F-16F7-4668-BE54-9A1E7A4F7556}") = "AnimalHabitat.DTO", "AnimalHabitat.DTO\AnimalHabitat.DTO.csproj", "{534F15ED-F97A-4B54-BBCB-B8B7DEDF33F9}"
EndProject
Global
	GlobalSection(SolutionConfigurationPlatforms) = preSolution
		Debug|Any CPU = Debug|Any CPU
		Release|Any CPU = Release|Any CPU
	EndGlobalSection
	GlobalSection(ProjectConfigurationPlatforms) = postSolution
		{DD604E4D-528A-4981-92B5-6F6D17E49166}.Debug|Any CPU.ActiveCfg = Debug|Any CPU
		{DD604E4D-528A-4981-92B5-6F6D17E49166}.Debug|Any CPU.Build.0 = Debug|Any CPU
		{DD604E4D-528A-4981-92B5-6F6D17E49166}.Release|Any CPU.ActiveCfg = Release|Any CPU
		{DD604E4D-528A-4981-92B5-6F6D17E49166}.Release|Any CPU.Build.0 = Release|Any CPU
		{E4FABA72-B0C4-4D9B-B4C0-FF9185866E2A}.Debug|Any CPU.ActiveCfg = Debug|Any CPU
		{E4FABA72-B0C4-4D9B-B4C0-FF9185866E2A}.Release|Any CPU.ActiveCfg = Release|Any CPU
		{49280DA7-7C30-4BBA-90F5-0CDDCA1AE617}.Debug|Any CPU.ActiveCfg = Debug|Any CPU
		{49280DA7-7C30-4BBA-90F5-0CDDCA1AE617}.Debug|Any CPU.Build.0 = Debug|Any CPU
		{49280DA7-7C30-4BBA-90F5-0CDDCA1AE617}.Release|Any CPU.ActiveCfg = Release|Any CPU
		{49280DA7-7C30-4BBA-90F5-0CDDCA1AE617}.Release|Any CPU.Build.0 = Release|Any CPU
		{F5BE15B5-B970-47A3-B735-0D640580E454}.Debug|Any CPU.ActiveCfg = Debug|Any CPU
		{F5BE15B5-B970-47A3-B735-0D640580E454}.Debug|Any CPU.Build.0 = Debug|Any CPU
		{F5BE15B5-B970-47A3-B735-0D640580E454}.Release|Any CPU.ActiveCfg = Release|Any CPU
		{F5BE15B5-B970-47A3-B735-0D640580E454}.Release|Any CPU.Build.0 = Release|Any CPU
		{7FCD2A16-68E1-4510-B4C5-C2BBC6D7DE4C}.Debug|Any CPU.ActiveCfg = Debug|Any CPU
		{7FCD2A16-68E1-4510-B4C5-C2BBC6D7DE4C}.Debug|Any CPU.Build.0 = Debug|Any CPU
		{7FCD2A16-68E1-4510-B4C5-C2BBC6D7DE4C}.Release|Any CPU.ActiveCfg = Release|Any CPU
		{7FCD2A16-68E1-4510-B4C5-C2BBC6D7DE4C}.Release|Any CPU.Build.0 = Release|Any CPU
		{E2744BA7-C3F4-4FA6-A555-6ABEF4A1725A}.Debug|Any CPU.ActiveCfg = Debug|Any CPU
		{E2744BA7-C3F4-4FA6-A555-6ABEF4A1725A}.Debug|Any CPU.Build.0 = Debug|Any CPU
		{E2744BA7-C3F4-4FA6-A555-6ABEF4A1725A}.Release|Any CPU.ActiveCfg = Release|Any CPU
		{E2744BA7-C3F4-4FA6-A555-6ABEF4A1725A}.Release|Any CPU.Build.0 = Release|Any CPU
		{534F15ED-F97A-4B54-BBCB-B8B7DEDF33F9}.Debug|Any CPU.ActiveCfg = Debug|Any CPU
		{534F15ED-F97A-4B54-BBCB-B8B7DEDF33F9}.Debug|Any CPU.Build.0 = Debug|Any CPU
		{534F15ED-F97A-4B54-BBCB-B8B7DEDF33F9}.Release|Any CPU.ActiveCfg = Release|Any CPU
		{534F15ED-F97A-4B54-BBCB-B8B7DEDF33F9}.Release|Any CPU.Build.0 = Release|Any CPU
	EndGlobalSection
	GlobalSection(SolutionProperties) = preSolution
		HideSolutionNode = FALSE
	EndGlobalSection
	GlobalSection(ExtensibilityGlobals) = postSolution
		SolutionGuid = {288674AE-B9DD-44E9-9CB7-B9EE1FB206FE}
	EndGlobalSection
EndGlobal
